
Microsoft Visual Studio Solution File, Format Version 12.00
# Visual Studio 15
VisualStudioVersion = 15.0.28307.705
MinimumVisualStudioVersion = 10.0.40219.1
Project("{9A19103F-16F7-4668-BE54-9A1E7A4F7556}") = "DockerMgr", "DockerMgr\DockerMgr.csproj", "{0CD66A30-19A1-46BE-9786-18A67260FE2A}"
EndProject
Project("{9A19103F-16F7-4668-BE54-9A1E7A4F7556}") = "PWEncrypt", "PWEncrypt\PWEncrypt.csproj", "{BF63D70E-9971-4DCE-99FF-B8A96A72A0D7}"
EndProject
Project("{9A19103F-16F7-4668-BE54-9A1E7A4F7556}") = "DockerMgrTest", "DockerMgrTest\DockerMgrTest.csproj", "{76B4525C-7E6C-49F9-A566-ADBB0901B300}"
EndProject
Project("{9A19103F-16F7-4668-BE54-9A1E7A4F7556}") = "SignalRPublisher", "SignalRPublisher\SignalRPublisher.csproj", "{CE106544-840C-487A-89C4-658B2189B2F8}"
EndProject
Project("{9A19103F-16F7-4668-BE54-9A1E7A4F7556}") = "WSMiddleWare", "WSMiddleWare\WSMiddleWare.csproj", "{ECCB4932-95FC-41BB-8F4E-5A5293C582D7}"
EndProject
Project("{9A19103F-16F7-4668-BE54-9A1E7A4F7556}") = "DockerClientPool", "DockerClientPool\DockerClientPool.csproj", "{47C4B934-D2D5-4ACD-A115-5D3C3870A1B1}"
EndProject
Project("{9A19103F-16F7-4668-BE54-9A1E7A4F7556}") = "Utils", "Utils\Utils.csproj", "{D17F3438-A599-4BD8-9321-59196642D44A}"
EndProject
Project("{9A19103F-16F7-4668-BE54-9A1E7A4F7556}") = "DTO", "DTO\DTO.csproj", "{349C652E-66D6-428F-B18C-2F1A2A2BF26C}"
EndProject
Project("{9A19103F-16F7-4668-BE54-9A1E7A4F7556}") = "Models", "Models\Models.csproj", "{F7E64D0D-02E3-4267-A839-748402C32A75}"
EndProject
Project("{9A19103F-16F7-4668-BE54-9A1E7A4F7556}") = "Bridge", "Bridge\Bridge.csproj", "{16C9BEE2-7FD3-4B31-8809-180FC6626977}"
EndProject
Project("{8BC9CEB8-8B4A-11D0-8D11-00A0C91BC942}") = "CLRLib", "CLRLib\CLRLib.vcxproj", "{12EEB6B1-FF2D-4BFC-95CA-77F26B8E599F}"
EndProject
Project("{8BC9CEB8-8B4A-11D0-8D11-00A0C91BC942}") = "LogDLL", "LogDLL\LogDLL.vcxproj", "{A31457A6-8179-49C0-972B-49E700A34263}"
EndProject
Project("{8BC9CEB8-8B4A-11D0-8D11-00A0C91BC942}") = "JWTCheckDLL", "LoggingDLL\LoggingDLL.vcxproj", "{4B039D34-B21F-40CB-8F96-1D759A1A9942}"
EndProject
Project("{8BC9CEB8-8B4A-11D0-8D11-00A0C91BC942}") = "COMDLL", "COMDLL\COMDLL.vcxproj", "{B5D34A90-3DDD-4B7A-B831-404617167EC2}"
EndProject
Project("{8BC9CEB8-8B4A-11D0-8D11-00A0C91BC942}") = "COMDLLPS", "COMDLLPS\COMDLLPS.vcxproj", "{8E357262-96C5-407E-A840-DEA70C0E8928}"
	ProjectSection(ProjectDependencies) = postProject
		{B5D34A90-3DDD-4B7A-B831-404617167EC2} = {B5D34A90-3DDD-4B7A-B831-404617167EC2}
	EndProjectSection
EndProject
Global
	GlobalSection(SolutionConfigurationPlatforms) = preSolution
		Debug|64C = Debug|64C
		Debug|CustomerCPU = Debug|CustomerCPU
		Debug|x64 = Debug|x64
		Debug|x86 = Debug|x86
		Release|64C = Release|64C
		Release|CustomerCPU = Release|CustomerCPU
		Release|x64 = Release|x64
		Release|x86 = Release|x86
	EndGlobalSection
	GlobalSection(ProjectConfigurationPlatforms) = postSolution
		{0CD66A30-19A1-46BE-9786-18A67260FE2A}.Debug|64C.ActiveCfg = Debug|x64
		{0CD66A30-19A1-46BE-9786-18A67260FE2A}.Debug|64C.Build.0 = Debug|x64
		{0CD66A30-19A1-46BE-9786-18A67260FE2A}.Debug|CustomerCPU.ActiveCfg = Debug|x86
		{0CD66A30-19A1-46BE-9786-18A67260FE2A}.Debug|CustomerCPU.Build.0 = Debug|x86
		{0CD66A30-19A1-46BE-9786-18A67260FE2A}.Debug|x64.ActiveCfg = Debug|Any CPU
		{0CD66A30-19A1-46BE-9786-18A67260FE2A}.Debug|x64.Build.0 = Debug|Any CPU
		{0CD66A30-19A1-46BE-9786-18A67260FE2A}.Debug|x86.ActiveCfg = Debug|Any CPU
		{0CD66A30-19A1-46BE-9786-18A67260FE2A}.Debug|x86.Build.0 = Debug|Any CPU
		{0CD66A30-19A1-46BE-9786-18A67260FE2A}.Release|64C.ActiveCfg = Release|Any CPU
		{0CD66A30-19A1-46BE-9786-18A67260FE2A}.Release|64C.Build.0 = Release|Any CPU
		{0CD66A30-19A1-46BE-9786-18A67260FE2A}.Release|CustomerCPU.ActiveCfg = Release|Any CPU
		{0CD66A30-19A1-46BE-9786-18A67260FE2A}.Release|CustomerCPU.Build.0 = Release|Any CPU
		{0CD66A30-19A1-46BE-9786-18A67260FE2A}.Release|x64.ActiveCfg = Release|Any CPU
		{0CD66A30-19A1-46BE-9786-18A67260FE2A}.Release|x64.Build.0 = Release|Any CPU
		{0CD66A30-19A1-46BE-9786-18A67260FE2A}.Release|x86.ActiveCfg = Release|Any CPU
		{0CD66A30-19A1-46BE-9786-18A67260FE2A}.Release|x86.Build.0 = Release|Any CPU
		{BF63D70E-9971-4DCE-99FF-B8A96A72A0D7}.Debug|64C.ActiveCfg = Debug|x64
		{BF63D70E-9971-4DCE-99FF-B8A96A72A0D7}.Debug|64C.Build.0 = Debug|x64
		{BF63D70E-9971-4DCE-99FF-B8A96A72A0D7}.Debug|CustomerCPU.ActiveCfg = Debug|x86
		{BF63D70E-9971-4DCE-99FF-B8A96A72A0D7}.Debug|CustomerCPU.Build.0 = Debug|x86
		{BF63D70E-9971-4DCE-99FF-B8A96A72A0D7}.Debug|x64.ActiveCfg = Debug|Any CPU
		{BF63D70E-9971-4DCE-99FF-B8A96A72A0D7}.Debug|x64.Build.0 = Debug|Any CPU
		{BF63D70E-9971-4DCE-99FF-B8A96A72A0D7}.Debug|x86.ActiveCfg = Debug|Any CPU
		{BF63D70E-9971-4DCE-99FF-B8A96A72A0D7}.Debug|x86.Build.0 = Debug|Any CPU
		{BF63D70E-9971-4DCE-99FF-B8A96A72A0D7}.Release|64C.ActiveCfg = Release|Any CPU
		{BF63D70E-9971-4DCE-99FF-B8A96A72A0D7}.Release|64C.Build.0 = Release|Any CPU
		{BF63D70E-9971-4DCE-99FF-B8A96A72A0D7}.Release|CustomerCPU.ActiveCfg = Release|Any CPU
		{BF63D70E-9971-4DCE-99FF-B8A96A72A0D7}.Release|CustomerCPU.Build.0 = Release|Any CPU
		{BF63D70E-9971-4DCE-99FF-B8A96A72A0D7}.Release|x64.ActiveCfg = Release|Any CPU
		{BF63D70E-9971-4DCE-99FF-B8A96A72A0D7}.Release|x64.Build.0 = Release|Any CPU
		{BF63D70E-9971-4DCE-99FF-B8A96A72A0D7}.Release|x86.ActiveCfg = Release|Any CPU
		{BF63D70E-9971-4DCE-99FF-B8A96A72A0D7}.Release|x86.Build.0 = Release|Any CPU
		{76B4525C-7E6C-49F9-A566-ADBB0901B300}.Debug|64C.ActiveCfg = Debug|x64
		{76B4525C-7E6C-49F9-A566-ADBB0901B300}.Debug|64C.Build.0 = Debug|x64
		{76B4525C-7E6C-49F9-A566-ADBB0901B300}.Debug|CustomerCPU.ActiveCfg = Debug|x86
		{76B4525C-7E6C-49F9-A566-ADBB0901B300}.Debug|CustomerCPU.Build.0 = Debug|x86
		{76B4525C-7E6C-49F9-A566-ADBB0901B300}.Debug|x64.ActiveCfg = Debug|Any CPU
		{76B4525C-7E6C-49F9-A566-ADBB0901B300}.Debug|x64.Build.0 = Debug|Any CPU
		{76B4525C-7E6C-49F9-A566-ADBB0901B300}.Debug|x86.ActiveCfg = Debug|Any CPU
		{76B4525C-7E6C-49F9-A566-ADBB0901B300}.Debug|x86.Build.0 = Debug|Any CPU
		{76B4525C-7E6C-49F9-A566-ADBB0901B300}.Release|64C.ActiveCfg = Release|Any CPU
		{76B4525C-7E6C-49F9-A566-ADBB0901B300}.Release|64C.Build.0 = Release|Any CPU
		{76B4525C-7E6C-49F9-A566-ADBB0901B300}.Release|CustomerCPU.ActiveCfg = Release|Any CPU
		{76B4525C-7E6C-49F9-A566-ADBB0901B300}.Release|CustomerCPU.Build.0 = Release|Any CPU
		{76B4525C-7E6C-49F9-A566-ADBB0901B300}.Release|x64.ActiveCfg = Release|Any CPU
		{76B4525C-7E6C-49F9-A566-ADBB0901B300}.Release|x64.Build.0 = Release|Any CPU
		{76B4525C-7E6C-49F9-A566-ADBB0901B300}.Release|x86.ActiveCfg = Release|Any CPU
		{76B4525C-7E6C-49F9-A566-ADBB0901B300}.Release|x86.Build.0 = Release|Any CPU
		{CE106544-840C-487A-89C4-658B2189B2F8}.Debug|64C.ActiveCfg = Debug|x64
		{CE106544-840C-487A-89C4-658B2189B2F8}.Debug|64C.Build.0 = Debug|x64
		{CE106544-840C-487A-89C4-658B2189B2F8}.Debug|CustomerCPU.ActiveCfg = Debug|x86
		{CE106544-840C-487A-89C4-658B2189B2F8}.Debug|CustomerCPU.Build.0 = Debug|x86
		{CE106544-840C-487A-89C4-658B2189B2F8}.Debug|x64.ActiveCfg = Debug|Any CPU
		{CE106544-840C-487A-89C4-658B2189B2F8}.Debug|x64.Build.0 = Debug|Any CPU
		{CE106544-840C-487A-89C4-658B2189B2F8}.Debug|x86.ActiveCfg = Debug|Any CPU
		{CE106544-840C-487A-89C4-658B2189B2F8}.Debug|x86.Build.0 = Debug|Any CPU
		{CE106544-840C-487A-89C4-658B2189B2F8}.Release|64C.ActiveCfg = Release|Any CPU
		{CE106544-840C-487A-89C4-658B2189B2F8}.Release|64C.Build.0 = Release|Any CPU
		{CE106544-840C-487A-89C4-658B2189B2F8}.Release|CustomerCPU.ActiveCfg = Release|Any CPU
		{CE106544-840C-487A-89C4-658B2189B2F8}.Release|CustomerCPU.Build.0 = Release|Any CPU
		{CE106544-840C-487A-89C4-658B2189B2F8}.Release|x64.ActiveCfg = Release|Any CPU
		{CE106544-840C-487A-89C4-658B2189B2F8}.Release|x64.Build.0 = Release|Any CPU
		{CE106544-840C-487A-89C4-658B2189B2F8}.Release|x86.ActiveCfg = Release|Any CPU
		{CE106544-840C-487A-89C4-658B2189B2F8}.Release|x86.Build.0 = Release|Any CPU
		{ECCB4932-95FC-41BB-8F4E-5A5293C582D7}.Debug|64C.ActiveCfg = Debug|x64
		{ECCB4932-95FC-41BB-8F4E-5A5293C582D7}.Debug|64C.Build.0 = Debug|x64
		{ECCB4932-95FC-41BB-8F4E-5A5293C582D7}.Debug|CustomerCPU.ActiveCfg = Debug|x86
		{ECCB4932-95FC-41BB-8F4E-5A5293C582D7}.Debug|CustomerCPU.Build.0 = Debug|x86
		{ECCB4932-95FC-41BB-8F4E-5A5293C582D7}.Debug|x64.ActiveCfg = Debug|Any CPU
		{ECCB4932-95FC-41BB-8F4E-5A5293C582D7}.Debug|x64.Build.0 = Debug|Any CPU
		{ECCB4932-95FC-41BB-8F4E-5A5293C582D7}.Debug|x86.ActiveCfg = Debug|Any CPU
		{ECCB4932-95FC-41BB-8F4E-5A5293C582D7}.Debug|x86.Build.0 = Debug|Any CPU
		{ECCB4932-95FC-41BB-8F4E-5A5293C582D7}.Release|64C.ActiveCfg = Release|Any CPU
		{ECCB4932-95FC-41BB-8F4E-5A5293C582D7}.Release|64C.Build.0 = Release|Any CPU
		{ECCB4932-95FC-41BB-8F4E-5A5293C582D7}.Release|CustomerCPU.ActiveCfg = Release|Any CPU
		{ECCB4932-95FC-41BB-8F4E-5A5293C582D7}.Release|CustomerCPU.Build.0 = Release|Any CPU
		{ECCB4932-95FC-41BB-8F4E-5A5293C582D7}.Release|x64.ActiveCfg = Release|Any CPU
		{ECCB4932-95FC-41BB-8F4E-5A5293C582D7}.Release|x64.Build.0 = Release|Any CPU
		{ECCB4932-95FC-41BB-8F4E-5A5293C582D7}.Release|x86.ActiveCfg = Release|Any CPU
		{ECCB4932-95FC-41BB-8F4E-5A5293C582D7}.Release|x86.Build.0 = Release|Any CPU
		{47C4B934-D2D5-4ACD-A115-5D3C3870A1B1}.Debug|64C.ActiveCfg = Debug|x64
		{47C4B934-D2D5-4ACD-A115-5D3C3870A1B1}.Debug|64C.Build.0 = Debug|x64
		{47C4B934-D2D5-4ACD-A115-5D3C3870A1B1}.Debug|CustomerCPU.ActiveCfg = Debug|x86
		{47C4B934-D2D5-4ACD-A115-5D3C3870A1B1}.Debug|CustomerCPU.Build.0 = Debug|x86
		{47C4B934-D2D5-4ACD-A115-5D3C3870A1B1}.Debug|x64.ActiveCfg = Debug|Any CPU
		{47C4B934-D2D5-4ACD-A115-5D3C3870A1B1}.Debug|x64.Build.0 = Debug|Any CPU
		{47C4B934-D2D5-4ACD-A115-5D3C3870A1B1}.Debug|x86.ActiveCfg = Debug|Any CPU
		{47C4B934-D2D5-4ACD-A115-5D3C3870A1B1}.Debug|x86.Build.0 = Debug|Any CPU
		{47C4B934-D2D5-4ACD-A115-5D3C3870A1B1}.Release|64C.ActiveCfg = Release|Any CPU
		{47C4B934-D2D5-4ACD-A115-5D3C3870A1B1}.Release|64C.Build.0 = Release|Any CPU
		{47C4B934-D2D5-4ACD-A115-5D3C3870A1B1}.Release|CustomerCPU.ActiveCfg = Release|Any CPU
		{47C4B934-D2D5-4ACD-A115-5D3C3870A1B1}.Release|CustomerCPU.Build.0 = Release|Any CPU
		{47C4B934-D2D5-4ACD-A115-5D3C3870A1B1}.Release|x64.ActiveCfg = Release|Any CPU
		{47C4B934-D2D5-4ACD-A115-5D3C3870A1B1}.Release|x64.Build.0 = Release|Any CPU
		{47C4B934-D2D5-4ACD-A115-5D3C3870A1B1}.Release|x86.ActiveCfg = Release|Any CPU
		{47C4B934-D2D5-4ACD-A115-5D3C3870A1B1}.Release|x86.Build.0 = Release|Any CPU
		{D17F3438-A599-4BD8-9321-59196642D44A}.Debug|64C.ActiveCfg = Debug|x64
		{D17F3438-A599-4BD8-9321-59196642D44A}.Debug|64C.Build.0 = Debug|x64
		{D17F3438-A599-4BD8-9321-59196642D44A}.Debug|CustomerCPU.ActiveCfg = Debug|x86
		{D17F3438-A599-4BD8-9321-59196642D44A}.Debug|CustomerCPU.Build.0 = Debug|x86
		{D17F3438-A599-4BD8-9321-59196642D44A}.Debug|x64.ActiveCfg = Debug|Any CPU
		{D17F3438-A599-4BD8-9321-59196642D44A}.Debug|x64.Build.0 = Debug|Any CPU
		{D17F3438-A599-4BD8-9321-59196642D44A}.Debug|x86.ActiveCfg = Debug|Any CPU
		{D17F3438-A599-4BD8-9321-59196642D44A}.Debug|x86.Build.0 = Debug|Any CPU
		{D17F3438-A599-4BD8-9321-59196642D44A}.Release|64C.ActiveCfg = Release|Any CPU
		{D17F3438-A599-4BD8-9321-59196642D44A}.Release|64C.Build.0 = Release|Any CPU
		{D17F3438-A599-4BD8-9321-59196642D44A}.Release|CustomerCPU.ActiveCfg = Release|Any CPU
		{D17F3438-A599-4BD8-9321-59196642D44A}.Release|CustomerCPU.Build.0 = Release|Any CPU
		{D17F3438-A599-4BD8-9321-59196642D44A}.Release|x64.ActiveCfg = Release|Any CPU
		{D17F3438-A599-4BD8-9321-59196642D44A}.Release|x64.Build.0 = Release|Any CPU
		{D17F3438-A599-4BD8-9321-59196642D44A}.Release|x86.ActiveCfg = Release|Any CPU
		{D17F3438-A599-4BD8-9321-59196642D44A}.Release|x86.Build.0 = Release|Any CPU
		{349C652E-66D6-428F-B18C-2F1A2A2BF26C}.Debug|64C.ActiveCfg = Debug|x64
		{349C652E-66D6-428F-B18C-2F1A2A2BF26C}.Debug|64C.Build.0 = Debug|x64
		{349C652E-66D6-428F-B18C-2F1A2A2BF26C}.Debug|CustomerCPU.ActiveCfg = Debug|x86
		{349C652E-66D6-428F-B18C-2F1A2A2BF26C}.Debug|CustomerCPU.Build.0 = Debug|x86
		{349C652E-66D6-428F-B18C-2F1A2A2BF26C}.Debug|x64.ActiveCfg = Debug|Any CPU
		{349C652E-66D6-428F-B18C-2F1A2A2BF26C}.Debug|x64.Build.0 = Debug|Any CPU
		{349C652E-66D6-428F-B18C-2F1A2A2BF26C}.Debug|x86.ActiveCfg = Debug|Any CPU
		{349C652E-66D6-428F-B18C-2F1A2A2BF26C}.Debug|x86.Build.0 = Debug|Any CPU
		{349C652E-66D6-428F-B18C-2F1A2A2BF26C}.Release|64C.ActiveCfg = Release|Any CPU
		{349C652E-66D6-428F-B18C-2F1A2A2BF26C}.Release|64C.Build.0 = Release|Any CPU
		{349C652E-66D6-428F-B18C-2F1A2A2BF26C}.Release|CustomerCPU.ActiveCfg = Release|Any CPU
		{349C652E-66D6-428F-B18C-2F1A2A2BF26C}.Release|CustomerCPU.Build.0 = Release|Any CPU
		{349C652E-66D6-428F-B18C-2F1A2A2BF26C}.Release|x64.ActiveCfg = Release|Any CPU
		{349C652E-66D6-428F-B18C-2F1A2A2BF26C}.Release|x64.Build.0 = Release|Any CPU
		{349C652E-66D6-428F-B18C-2F1A2A2BF26C}.Release|x86.ActiveCfg = Release|Any CPU
		{349C652E-66D6-428F-B18C-2F1A2A2BF26C}.Release|x86.Build.0 = Release|Any CPU
		{F7E64D0D-02E3-4267-A839-748402C32A75}.Debug|64C.ActiveCfg = Debug|x64
		{F7E64D0D-02E3-4267-A839-748402C32A75}.Debug|64C.Build.0 = Debug|x64
		{F7E64D0D-02E3-4267-A839-748402C32A75}.Debug|CustomerCPU.ActiveCfg = Debug|x86
		{F7E64D0D-02E3-4267-A839-748402C32A75}.Debug|CustomerCPU.Build.0 = Debug|x86
		{F7E64D0D-02E3-4267-A839-748402C32A75}.Debug|x64.ActiveCfg = Debug|Any CPU
		{F7E64D0D-02E3-4267-A839-748402C32A75}.Debug|x64.Build.0 = Debug|Any CPU
		{F7E64D0D-02E3-4267-A839-748402C32A75}.Debug|x86.ActiveCfg = Debug|Any CPU
		{F7E64D0D-02E3-4267-A839-748402C32A75}.Debug|x86.Build.0 = Debug|Any CPU
		{F7E64D0D-02E3-4267-A839-748402C32A75}.Release|64C.ActiveCfg = Release|Any CPU
		{F7E64D0D-02E3-4267-A839-748402C32A75}.Release|64C.Build.0 = Release|Any CPU
		{F7E64D0D-02E3-4267-A839-748402C32A75}.Release|CustomerCPU.ActiveCfg = Release|Any CPU
		{F7E64D0D-02E3-4267-A839-748402C32A75}.Release|CustomerCPU.Build.0 = Release|Any CPU
		{F7E64D0D-02E3-4267-A839-748402C32A75}.Release|x64.ActiveCfg = Release|Any CPU
		{F7E64D0D-02E3-4267-A839-748402C32A75}.Release|x64.Build.0 = Release|Any CPU
		{F7E64D0D-02E3-4267-A839-748402C32A75}.Release|x86.ActiveCfg = Release|Any CPU
		{F7E64D0D-02E3-4267-A839-748402C32A75}.Release|x86.Build.0 = Release|Any CPU
		{16C9BEE2-7FD3-4B31-8809-180FC6626977}.Debug|64C.ActiveCfg = Debug|x64
		{16C9BEE2-7FD3-4B31-8809-180FC6626977}.Debug|64C.Build.0 = Debug|x64
		{16C9BEE2-7FD3-4B31-8809-180FC6626977}.Debug|CustomerCPU.ActiveCfg = Debug|x86
		{16C9BEE2-7FD3-4B31-8809-180FC6626977}.Debug|CustomerCPU.Build.0 = Debug|x86
		{16C9BEE2-7FD3-4B31-8809-180FC6626977}.Debug|x64.ActiveCfg = Debug|Any CPU
		{16C9BEE2-7FD3-4B31-8809-180FC6626977}.Debug|x64.Build.0 = Debug|Any CPU
		{16C9BEE2-7FD3-4B31-8809-180FC6626977}.Debug|x86.ActiveCfg = Debug|Any CPU
		{16C9BEE2-7FD3-4B31-8809-180FC6626977}.Debug|x86.Build.0 = Debug|Any CPU
		{16C9BEE2-7FD3-4B31-8809-180FC6626977}.Release|64C.ActiveCfg = Release|Any CPU
		{16C9BEE2-7FD3-4B31-8809-180FC6626977}.Release|64C.Build.0 = Release|Any CPU
		{16C9BEE2-7FD3-4B31-8809-180FC6626977}.Release|CustomerCPU.ActiveCfg = Release|Any CPU
		{16C9BEE2-7FD3-4B31-8809-180FC6626977}.Release|CustomerCPU.Build.0 = Release|Any CPU
		{16C9BEE2-7FD3-4B31-8809-180FC6626977}.Release|x64.ActiveCfg = Release|Any CPU
		{16C9BEE2-7FD3-4B31-8809-180FC6626977}.Release|x64.Build.0 = Release|Any CPU
		{16C9BEE2-7FD3-4B31-8809-180FC6626977}.Release|x86.ActiveCfg = Release|Any CPU
		{16C9BEE2-7FD3-4B31-8809-180FC6626977}.Release|x86.Build.0 = Release|Any CPU
		{12EEB6B1-FF2D-4BFC-95CA-77F26B8E599F}.Debug|64C.ActiveCfg = Debug|x64
		{12EEB6B1-FF2D-4BFC-95CA-77F26B8E599F}.Debug|64C.Build.0 = Debug|x64
		{12EEB6B1-FF2D-4BFC-95CA-77F26B8E599F}.Debug|CustomerCPU.ActiveCfg = Debug|Win32
		{12EEB6B1-FF2D-4BFC-95CA-77F26B8E599F}.Debug|x64.ActiveCfg = Debug|x64
		{12EEB6B1-FF2D-4BFC-95CA-77F26B8E599F}.Debug|x64.Build.0 = Debug|x64
		{12EEB6B1-FF2D-4BFC-95CA-77F26B8E599F}.Debug|x86.ActiveCfg = Debug|Win32
		{12EEB6B1-FF2D-4BFC-95CA-77F26B8E599F}.Debug|x86.Build.0 = Debug|Win32
		{12EEB6B1-FF2D-4BFC-95CA-77F26B8E599F}.Release|64C.ActiveCfg = Release|Win32
		{12EEB6B1-FF2D-4BFC-95CA-77F26B8E599F}.Release|CustomerCPU.ActiveCfg = Release|Win32
		{12EEB6B1-FF2D-4BFC-95CA-77F26B8E599F}.Release|x64.ActiveCfg = Release|x64
		{12EEB6B1-FF2D-4BFC-95CA-77F26B8E599F}.Release|x64.Build.0 = Release|x64
		{12EEB6B1-FF2D-4BFC-95CA-77F26B8E599F}.Release|x86.ActiveCfg = Release|Win32
		{12EEB6B1-FF2D-4BFC-95CA-77F26B8E599F}.Release|x86.Build.0 = Release|Win32
		{A31457A6-8179-49C0-972B-49E700A34263}.Debug|64C.ActiveCfg = Debug|x64
		{A31457A6-8179-49C0-972B-49E700A34263}.Debug|64C.Build.0 = Debug|x64
		{A31457A6-8179-49C0-972B-49E700A34263}.Debug|CustomerCPU.ActiveCfg = Debug|Win32
		{A31457A6-8179-49C0-972B-49E700A34263}.Debug|x64.ActiveCfg = Debug|x64
		{A31457A6-8179-49C0-972B-49E700A34263}.Debug|x64.Build.0 = Debug|x64
		{A31457A6-8179-49C0-972B-49E700A34263}.Debug|x86.ActiveCfg = Debug|Win32
		{A31457A6-8179-49C0-972B-49E700A34263}.Debug|x86.Build.0 = Debug|Win32
		{A31457A6-8179-49C0-972B-49E700A34263}.Release|64C.ActiveCfg = Release|Win32
		{A31457A6-8179-49C0-972B-49E700A34263}.Release|CustomerCPU.ActiveCfg = Release|Win32
		{A31457A6-8179-49C0-972B-49E700A34263}.Release|x64.ActiveCfg = Release|x64
		{A31457A6-8179-49C0-972B-49E700A34263}.Release|x64.Build.0 = Release|x64
		{A31457A6-8179-49C0-972B-49E700A34263}.Release|x86.ActiveCfg = Release|Win32
		{A31457A6-8179-49C0-972B-49E700A34263}.Release|x86.Build.0 = Release|Win32
		{4B039D34-B21F-40CB-8F96-1D759A1A9942}.Debug|64C.ActiveCfg = Release|x64
		{4B039D34-B21F-40CB-8F96-1D759A1A9942}.Debug|CustomerCPU.ActiveCfg = Debug|Win32
		{4B039D34-B21F-40CB-8F96-1D759A1A9942}.Debug|x64.ActiveCfg = Debug|x64
		{4B039D34-B21F-40CB-8F96-1D759A1A9942}.Debug|x64.Build.0 = Debug|x64
		{4B039D34-B21F-40CB-8F96-1D759A1A9942}.Debug|x86.ActiveCfg = Debug|Win32
		{4B039D34-B21F-40CB-8F96-1D759A1A9942}.Debug|x86.Build.0 = Debug|Win32
		{4B039D34-B21F-40CB-8F96-1D759A1A9942}.Release|64C.ActiveCfg = Release|Win32
		{4B039D34-B21F-40CB-8F96-1D759A1A9942}.Release|CustomerCPU.ActiveCfg = Release|Win32
		{4B039D34-B21F-40CB-8F96-1D759A1A9942}.Release|x64.ActiveCfg = Release|x64
		{4B039D34-B21F-40CB-8F96-1D759A1A9942}.Release|x64.Build.0 = Release|x64
		{4B039D34-B21F-40CB-8F96-1D759A1A9942}.Release|x86.ActiveCfg = Release|Win32
		{4B039D34-B21F-40CB-8F96-1D759A1A9942}.Release|x86.Build.0 = Release|Win32
		{B5D34A90-3DDD-4B7A-B831-404617167EC2}.Debug|64C.ActiveCfg = Debug|Win32
		{B5D34A90-3DDD-4B7A-B831-404617167EC2}.Debug|CustomerCPU.ActiveCfg = Debug|Win32
		{B5D34A90-3DDD-4B7A-B831-404617167EC2}.Debug|x64.ActiveCfg = Debug|x64
		{B5D34A90-3DDD-4B7A-B831-404617167EC2}.Debug|x64.Build.0 = Debug|x64
		{B5D34A90-3DDD-4B7A-B831-404617167EC2}.Debug|x86.ActiveCfg = Debug|Win32
		{B5D34A90-3DDD-4B7A-B831-404617167EC2}.Debug|x86.Build.0 = Debug|Win32
		{B5D34A90-3DDD-4B7A-B831-404617167EC2}.Release|64C.ActiveCfg = Release|Win32
		{B5D34A90-3DDD-4B7A-B831-404617167EC2}.Release|CustomerCPU.ActiveCfg = Release|Win32
		{B5D34A90-3DDD-4B7A-B831-404617167EC2}.Release|x64.ActiveCfg = Release|x64
		{B5D34A90-3DDD-4B7A-B831-404617167EC2}.Release|x64.Build.0 = Release|x64
		{B5D34A90-3DDD-4B7A-B831-404617167EC2}.Release|x86.ActiveCfg = Release|Win32
		{B5D34A90-3DDD-4B7A-B831-404617167EC2}.Release|x86.Build.0 = Release|Win32
		{8E357262-96C5-407E-A840-DEA70C0E8928}.Debug|64C.ActiveCfg = Debug|Win32
		{8E357262-96C5-407E-A840-DEA70C0E8928}.Debug|CustomerCPU.ActiveCfg = Debug|Win32
		{8E357262-96C5-407E-A840-DEA70C0E8928}.Debug|x64.ActiveCfg = Debug|x64
		{8E357262-96C5-407E-A840-DEA70C0E8928}.Debug|x86.ActiveCfg = Debug|Win32
		{8E357262-96C5-407E-A840-DEA70C0E8928}.Release|64C.ActiveCfg = Release|Win32
		{8E357262-96C5-407E-A840-DEA70C0E8928}.Release|CustomerCPU.ActiveCfg = Release|Win32
		{8E357262-96C5-407E-A840-DEA70C0E8928}.Release|x64.ActiveCfg = Release|x64
		{8E357262-96C5-407E-A840-DEA70C0E8928}.Release|x86.ActiveCfg = Release|Win32
	EndGlobalSection
	GlobalSection(SolutionProperties) = preSolution
		HideSolutionNode = FALSE
	EndGlobalSection
	GlobalSection(ExtensibilityGlobals) = postSolution
		SolutionGuid = {14BC034A-1277-4430-B402-54AE5DB7C3B2}
	EndGlobalSection
EndGlobal
